
Microsoft Visual Studio Solution File, Format Version 12.00
# Visual Studio Version 17
VisualStudioVersion = 17.0.31903.59
MinimumVisualStudioVersion = 10.0.40219.1
Project("{FAE04EC0-301F-11D3-BF4B-00C04F79EFBC}") = "Core", "Core\Core.csproj", "{3E90F98B-9222-4F69-A396-5D3C5196FF36}"
EndProject
Project("{FAE04EC0-301F-11D3-BF4B-00C04F79EFBC}") = "Infrastructure", "Infrastructure\Infrastructure.csproj", "{815C0F66-B7AA-41C0-B054-E6E425B07A64}"
EndProject
Project("{FAE04EC0-301F-11D3-BF4B-00C04F79EFBC}") = "Services", "Services\Services.csproj", "{67473A07-A5DF-4B53-9266-CA517A572B4B}"
EndProject
Project("{FAE04EC0-301F-11D3-BF4B-00C04F79EFBC}") = "API", "API\API.csproj", "{E2327625-5839-4E0E-A496-2F17A3CDA5B6}"
EndProject
Global
	GlobalSection(SolutionConfigurationPlatforms) = preSolution
		Debug|Any CPU = Debug|Any CPU
		Debug|x64 = Debug|x64
		Debug|x86 = Debug|x86
		Release|Any CPU = Release|Any CPU
		Release|x64 = Release|x64
		Release|x86 = Release|x86
	EndGlobalSection
	GlobalSection(ProjectConfigurationPlatforms) = postSolution
		{3E90F98B-9222-4F69-A396-5D3C5196FF36}.Debug|Any CPU.ActiveCfg = Debug|Any CPU
		{3E90F98B-9222-4F69-A396-5D3C5196FF36}.Debug|Any CPU.Build.0 = Debug|Any CPU
		{3E90F98B-9222-4F69-A396-5D3C5196FF36}.Debug|x64.ActiveCfg = Debug|Any CPU
		{3E90F98B-9222-4F69-A396-5D3C5196FF36}.Debug|x64.Build.0 = Debug|Any CPU
		{3E90F98B-9222-4F69-A396-5D3C5196FF36}.Debug|x86.ActiveCfg = Debug|Any CPU
		{3E90F98B-9222-4F69-A396-5D3C5196FF36}.Debug|x86.Build.0 = Debug|Any CPU
		{3E90F98B-9222-4F69-A396-5D3C5196FF36}.Release|Any CPU.ActiveCfg = Release|Any CPU
		{3E90F98B-9222-4F69-A396-5D3C5196FF36}.Release|Any CPU.Build.0 = Release|Any CPU
		{3E90F98B-9222-4F69-A396-5D3C5196FF36}.Release|x64.ActiveCfg = Release|Any CPU
		{3E90F98B-9222-4F69-A396-5D3C5196FF36}.Release|x64.Build.0 = Release|Any CPU
		{3E90F98B-9222-4F69-A396-5D3C5196FF36}.Release|x86.ActiveCfg = Release|Any CPU
		{3E90F98B-9222-4F69-A396-5D3C5196FF36}.Release|x86.Build.0 = Release|Any CPU
		{815C0F66-B7AA-41C0-B054-E6E425B07A64}.Debug|Any CPU.ActiveCfg = Debug|Any CPU
		{815C0F66-B7AA-41C0-B054-E6E425B07A64}.Debug|Any CPU.Build.0 = Debug|Any CPU
		{815C0F66-B7AA-41C0-B054-E6E425B07A64}.Debug|x64.ActiveCfg = Debug|Any CPU
		{815C0F66-B7AA-41C0-B054-E6E425B07A64}.Debug|x64.Build.0 = Debug|Any CPU
		{815C0F66-B7AA-41C0-B054-E6E425B07A64}.Debug|x86.ActiveCfg = Debug|Any CPU
		{815C0F66-B7AA-41C0-B054-E6E425B07A64}.Debug|x86.Build.0 = Debug|Any CPU
		{815C0F66-B7AA-41C0-B054-E6E425B07A64}.Release|Any CPU.ActiveCfg = Release|Any CPU
		{815C0F66-B7AA-41C0-B054-E6E425B07A64}.Release|Any CPU.Build.0 = Release|Any CPU
		{815C0F66-B7AA-41C0-B054-E6E425B07A64}.Release|x64.ActiveCfg = Release|Any CPU
		{815C0F66-B7AA-41C0-B054-E6E425B07A64}.Release|x64.Build.0 = Release|Any CPU
		{815C0F66-B7AA-41C0-B054-E6E425B07A64}.Release|x86.ActiveCfg = Release|Any CPU
		{815C0F66-B7AA-41C0-B054-E6E425B07A64}.Release|x86.Build.0 = Release|Any CPU
		{67473A07-A5DF-4B53-9266-CA517A572B4B}.Debug|Any CPU.ActiveCfg = Debug|Any CPU
		{67473A07-A5DF-4B53-9266-CA517A572B4B}.Debug|Any CPU.Build.0 = Debug|Any CPU
		{67473A07-A5DF-4B53-9266-CA517A572B4B}.Debug|x64.ActiveCfg = Debug|Any CPU
		{67473A07-A5DF-4B53-9266-CA517A572B4B}.Debug|x64.Build.0 = Debug|Any CPU
		{67473A07-A5DF-4B53-9266-CA517A572B4B}.Debug|x86.ActiveCfg = Debug|Any CPU
		{67473A07-A5DF-4B53-9266-CA517A572B4B}.Debug|x86.Build.0 = Debug|Any CPU
		{67473A07-A5DF-4B53-9266-CA517A572B4B}.Release|Any CPU.ActiveCfg = Release|Any CPU
		{67473A07-A5DF-4B53-9266-CA517A572B4B}.Release|Any CPU.Build.0 = Release|Any CPU
		{67473A07-A5DF-4B53-9266-CA517A572B4B}.Release|x64.ActiveCfg = Release|Any CPU
		{67473A07-A5DF-4B53-9266-CA517A572B4B}.Release|x64.Build.0 = Release|Any CPU
		{67473A07-A5DF-4B53-9266-CA517A572B4B}.Release|x86.ActiveCfg = Release|Any CPU
		{67473A07-A5DF-4B53-9266-CA517A572B4B}.Release|x86.Build.0 = Release|Any CPU
		{E2327625-5839-4E0E-A496-2F17A3CDA5B6}.Debug|Any CPU.ActiveCfg = Debug|Any CPU
		{E2327625-5839-4E0E-A496-2F17A3CDA5B6}.Debug|Any CPU.Build.0 = Debug|Any CPU
		{E2327625-5839-4E0E-A496-2F17A3CDA5B6}.Debug|x64.ActiveCfg = Debug|Any CPU
		{E2327625-5839-4E0E-A496-2F17A3CDA5B6}.Debug|x64.Build.0 = Debug|Any CPU
		{E2327625-5839-4E0E-A496-2F17A3CDA5B6}.Debug|x86.ActiveCfg = Debug|Any CPU
		{E2327625-5839-4E0E-A496-2F17A3CDA5B6}.Debug|x86.Build.0 = Debug|Any CPU
		{E2327625-5839-4E0E-A496-2F17A3CDA5B6}.Release|Any CPU.ActiveCfg = Release|Any CPU
		{E2327625-5839-4E0E-A496-2F17A3CDA5B6}.Release|Any CPU.Build.0 = Release|Any CPU
		{E2327625-5839-4E0E-A496-2F17A3CDA5B6}.Release|x64.ActiveCfg = Release|Any CPU
		{E2327625-5839-4E0E-A496-2F17A3CDA5B6}.Release|x64.Build.0 = Release|Any CPU
		{E2327625-5839-4E0E-A496-2F17A3CDA5B6}.Release|x86.ActiveCfg = Release|Any CPU
		{E2327625-5839-4E0E-A496-2F17A3CDA5B6}.Release|x86.Build.0 = Release|Any CPU
	EndGlobalSection
	GlobalSection(SolutionProperties) = preSolution
		HideSolutionNode = FALSE
	EndGlobalSection
EndGlobal
